
Microsoft Visual Studio Solution File, Format Version 12.00
# Visual Studio Version 17
VisualStudioVersion = 17.1.32319.34
MinimumVisualStudioVersion = 10.0.40219.1
Project("{FAE04EC0-301F-11D3-BF4B-00C04F79EFBC}") = "TrainingSystem", "TrainingSystem\TrainingSystem.csproj", "{555CF140-B298-4720-B72D-BFA23D719C2F}"
EndProject
Global
	GlobalSection(SolutionConfigurationPlatforms) = preSolution
		Debug|Any CPU = Debug|Any CPU
		Release|Any CPU = Release|Any CPU
	EndGlobalSection
	GlobalSection(ProjectConfigurationPlatforms) = postSolution
		{555CF140-B298-4720-B72D-BFA23D719C2F}.Debug|Any CPU.ActiveCfg = Debug|Any CPU
		{555CF140-B298-4720-B72D-BFA23D719C2F}.Debug|Any CPU.Build.0 = Debug|Any CPU
		{555CF140-B298-4720-B72D-BFA23D719C2F}.Release|Any CPU.ActiveCfg = Release|Any CPU
		{555CF140-B298-4720-B72D-BFA23D719C2F}.Release|Any CPU.Build.0 = Release|Any CPU
	EndGlobalSection
	GlobalSection(SolutionProperties) = preSolution
		HideSolutionNode = FALSE
	EndGlobalSection
	GlobalSection(ExtensibilityGlobals) = postSolution
		SolutionGuid = {8394708A-E0A9-4C5A-A85F-CFC6806263D1}
	EndGlobalSection
EndGlobal
